{{- if .Values.SPECIFIED_CLUSTER_ID }}
apiVersion: v1
kind: ConfigMap
metadata:
  name: "easyops-sampler-k8s-collector-lock-{{ .Values.SPECIFIED_CLUSTER_ID | sha1sum }}"
  labels:
    {{- include "agent.labels" . | nindent 4 }}
  annotations:
    cluster_id: {{ .Values.SPECIFIED_CLUSTER_ID }}
{{- else }}
# No cfgmap will be created
{{- end }}